// !$*UTF8*$!
{
	archiveVersion = 1;
	classes = {
	};
	objectVersion = 46;
	objects = {

/* Begin PBXBuildFile section */
		2627E1701F9FB78700099AFA /* AppDelegate.swift in Sources */ = {isa = PBXBuildFile; fileRef = 2627E16F1F9FB78700099AFA /* AppDelegate.swift */; };
		2627E1721F9FB78700099AFA /* ViewController.swift in Sources */ = {isa = PBXBuildFile; fileRef = 2627E1711F9FB78700099AFA /* ViewController.swift */; };
		2627E1751F9FB78700099AFA /* Main.storyboard in Resources */ = {isa = PBXBuildFile; fileRef = 2627E1731F9FB78700099AFA /* Main.storyboard */; };
		2627E1771F9FB78700099AFA /* Assets.xcassets in Resources */ = {isa = PBXBuildFile; fileRef = 2627E1761F9FB78700099AFA /* Assets.xcassets */; };
		2627E17A1F9FB78700099AFA /* LaunchScreen.storyboard in Resources */ = {isa = PBXBuildFile; fileRef = 2627E1781F9FB78700099AFA /* LaunchScreen.storyboard */; };
		2627E1821F9FB93F00099AFA /* GoogleService-Info.plist in Resources */ = {isa = PBXBuildFile; fileRef = 2627E1811F9FB93F00099AFA /* GoogleService-Info.plist */; };
		D7056CB8588701DAD95E36A9 /* Pods_EA_Instagram.framework in Frameworks */ = {isa = PBXBuildFile; fileRef = 320C9A2FC5C190B859EA8305 /* Pods_EA_Instagram.framework */; };
/* End PBXBuildFile section */

/* Begin PBXFileReference section */
		2627E16C1F9FB78700099AFA /* EA_Instagram.app */ = {isa = PBXFileReference; explicitFileType = wrapper.application; includeInIndex = 0; path = EA_Instagram.app; sourceTree = BUILT_PRODUCTS_DIR; };
		2627E16F1F9FB78700099AFA /* AppDelegate.swift */ = {isa = PBXFileReference; lastKnownFileType = sourcecode.swift; path = AppDelegate.swift; sourceTree = "<group>"; };
		2627E1711F9FB78700099AFA /* ViewController.swift */ = {isa = PBXFileReference; lastKnownFileType = sourcecode.swift; path = ViewController.swift; sourceTree = "<group>"; };
		2627E1741F9FB78700099AFA /* Base */ = {isa = PBXFileReference; lastKnownFileType = file.storyboard; name = Base; path = Base.lproj/Main.storyboard; sourceTree = "<group>"; };
		2627E1761F9FB78700099AFA /* Assets.xcassets */ = {isa = PBXFileReference; lastKnownFileType = folder.assetcatalog; path = Assets.xcassets; sourceTree = "<group>"; };
		2627E1791F9FB78700099AFA /* Base */ = {isa = PBXFileReference; lastKnownFileType = file.storyboard; name = Base; path = Base.lproj/LaunchScreen.storyboard; sourceTree = "<group>"; };
		2627E17B1F9FB78700099AFA /* Info.plist */ = {isa = PBXFileReference; lastKnownFileType = text.plist.xml; path = Info.plist; sourceTree = "<group>"; };
		2627E1811F9FB93F00099AFA /* GoogleService-Info.plist */ = {isa = PBXFileReference; fileEncoding = 4; lastKnownFileType = text.plist.xml; path = "GoogleService-Info.plist"; sourceTree = "<group>"; };
		320C9A2FC5C190B859EA8305 /* Pods_EA_Instagram.framework */ = {isa = PBXFileReference; explicitFileType = wrapper.framework; includeInIndex = 0; path = Pods_EA_Instagram.framework; sourceTree = BUILT_PRODUCTS_DIR; };
		7DB93B4485006BB040A7BC18 /* Pods-EA_Instagram.debug.xcconfig */ = {isa = PBXFileReference; includeInIndex = 1; lastKnownFileType = text.xcconfig; name = "Pods-EA_Instagram.debug.xcconfig"; path = "Pods/Target Support Files/Pods-EA_Instagram/Pods-EA_Instagram.debug.xcconfig"; sourceTree = "<group>"; };
		8E92DAD8E5F41F6C0ED8D5C4 /* Pods-EA_Instagram.release.xcconfig */ = {isa = PBXFileReference; includeInIndex = 1; lastKnownFileType = text.xcconfig; name = "Pods-EA_Instagram.release.xcconfig"; path = "Pods/Target Support Files/Pods-EA_Instagram/Pods-EA_Instagram.release.xcconfig"; sourceTree = "<group>"; };
/* End PBXFileReference section */

/* Begin PBXFrameworksBuildPhase section */
		2627E1691F9FB78700099AFA /* Frameworks */ = {
			isa = PBXFrameworksBuildPhase;
			buildActionMask = 2147483647;
			files = (
				D7056CB8588701DAD95E36A9 /* Pods_EA_Instagram.framework in Frameworks */,
			);
			runOnlyForDeploymentPostprocessing = 0;
		};
/* End PBXFrameworksBuildPhase section */

/* Begin PBXGroup section */
		2627E1631F9FB78700099AFA = {
			isa = PBXGroup;
			children = (
				2627E16E1F9FB78700099AFA /* EA_Instagram */,
				2627E16D1F9FB78700099AFA /* Products */,
				D3045742365C6478BEC64172 /* Pods */,
				F30A20BC6D5A4D585001C795 /* Frameworks */,
			);
			sourceTree = "<group>";
		};
		2627E16D1F9FB78700099AFA /* Products */ = {
			isa = PBXGroup;
			children = (
				2627E16C1F9FB78700099AFA /* EA_Instagram.app */,
			);
			name = Products;
			sourceTree = "<group>";
		};
		2627E16E1F9FB78700099AFA /* EA_Instagram */ = {
			isa = PBXGroup;
			children = (
				2627E1811F9FB93F00099AFA /* GoogleService-Info.plist */,
				2627E16F1F9FB78700099AFA /* AppDelegate.swift */,
				2627E1711F9FB78700099AFA /* ViewController.swift */,
				2627E1731F9FB78700099AFA /* Main.storyboard */,
				2627E1761F9FB78700099AFA /* Assets.xcassets */,
				2627E1781F9FB78700099AFA /* LaunchScreen.storyboard */,
				2627E17B1F9FB78700099AFA /* Info.plist */,
			);
			path = EA_Instagram;
			sourceTree = "<group>";
		};
		D3045742365C6478BEC64172 /* Pods */ = {
			isa = PBXGroup;
			children = (
				7DB93B4485006BB040A7BC18 /* Pods-EA_Instagram.debug.xcconfig */,
				8E92DAD8E5F41F6C0ED8D5C4 /* Pods-EA_Instagram.release.xcconfig */,
			);
			name = Pods;
			sourceTree = "<group>";
		};
		F30A20BC6D5A4D585001C795 /* Frameworks */ = {
			isa = PBXGroup;
			children = (
				320C9A2FC5C190B859EA8305 /* Pods_EA_Instagram.framework */,
			);
			name = Frameworks;
			sourceTree = "<group>";
		};
/* End PBXGroup section */

/* Begin PBXNativeTarget section */
		2627E16B1F9FB78700099AFA /* EA_Instagram */ = {
			isa = PBXNativeTarget;
			buildConfigurationList = 2627E17E1F9FB78700099AFA /* Build configuration list for PBXNativeTarget "EA_Instagram" */;
			buildPhases = (
				511ACF2928FD1D93618F88CF /* [CP] Check Pods Manifest.lock */,
				2627E1681F9FB78700099AFA /* Sources */,
				2627E1691F9FB78700099AFA /* Frameworks */,
				2627E16A1F9FB78700099AFA /* Resources */,
				E4674AAC7D63DC86DD346B9F /* [CP] Embed Pods Frameworks */,
				D0C72781BDC1881E2CC5B85D /* [CP] Copy Pods Resources */,
			);
			buildRules = (
			);
			dependencies = (
			);
			name = EA_Instagram;
			productName = EA_Instagram;
			productReference = 2627E16C1F9FB78700099AFA /* EA_Instagram.app */;
			productType = "com.apple.product-type.application";
		};
/* End PBXNativeTarget section */

/* Begin PBXProject section */
		2627E1641F9FB78700099AFA /* Project object */ = {
			isa = PBXProject;
			attributes = {
				LastSwiftUpdateCheck = 0820;
				LastUpgradeCheck = 0820;
				ORGANIZATIONNAME = Estique;
				TargetAttributes = {
					2627E16B1F9FB78700099AFA = {
						CreatedOnToolsVersion = 8.2.1;
						ProvisioningStyle = Automatic;
					};
				};
			};
			buildConfigurationList = 2627E1671F9FB78700099AFA /* Build configuration list for PBXProject "EA_Instagram" */;
			compatibilityVersion = "Xcode 3.2";
			developmentRegion = English;
			hasScannedForEncodings = 0;
			knownRegions = (
				en,
				Base,
			);
			mainGroup = 2627E1631F9FB78700099AFA;
			productRefGroup = 2627E16D1F9FB78700099AFA /* Products */;
			projectDirPath = "";
			projectRoot = "";
			targets = (
				2627E16B1F9FB78700099AFA /* EA_Instagram */,
			);
		};
/* End PBXProject section */

/* Begin PBXResourcesBuildPhase section */
		2627E16A1F9FB78700099AFA /* Resources */ = {
			isa = PBXResourcesBuildPhase;
			buildActionMask = 2147483647;
			files = (
				2627E17A1F9FB78700099AFA /* LaunchScreen.storyboard in Resources */,
				2627E1821F9FB93F00099AFA /* GoogleService-Info.plist in Resources */,
				2627E1771F9FB78700099AFA /* Assets.xcassets in Resources */,
				2627E1751F9FB78700099AFA /* Main.storyboard in Resources */,
			);
			runOnlyForDeploymentPostprocessing = 0;
		};
/* End PBXResourcesBuildPhase section */

/* Begin PBXShellScriptBuildPhase section */
		511ACF2928FD1D93618F88CF /* [CP] Check Pods Manifest.lock */ = {
			isa = PBXShellScriptBuildPhase;
			buildActionMask = 2147483647;
			files = (
			);
			inputPaths = (
				"${PODS_PODFILE_DIR_PATH}/Podfile.lock",
				"${PODS_ROOT}/Manifest.lock",
			);
			name = "[CP] Check Pods Manifest.lock";
			outputPaths = (
				"$(DERIVED_FILE_DIR)/Pods-EA_Instagram-checkManifestLockResult.txt",
			);
			runOnlyForDeploymentPostprocessing = 0;
			shellPath = /bin/sh;
			shellScript = "diff \"${PODS_PODFILE_DIR_PATH}/Podfile.lock\" \"${PODS_ROOT}/Manifest.lock\" > /dev/null\nif [ $? != 0 ] ; then\n    # print error to STDERR\n    echo \"error: The sandbox is not in sync with the Podfile.lock. Run 'pod install' or update your CocoaPods installation.\" >&2\n    exit 1\nfi\n# This output is used by Xcode 'outputs' to avoid re-running this script phase.\necho \"SUCCESS\" > \"${SCRIPT_OUTPUT_FILE_0}\"\n";
			showEnvVarsInLog = 0;
		};
		D0C72781BDC1881E2CC5B85D /* [CP] Copy Pods Resources */ = {
			isa = PBXShellScriptBuildPhase;
			buildActionMask = 2147483647;
			files = (
			);
			inputPaths = (
			);
			name = "[CP] Copy Pods Resources";
			outputPaths = (
			);
			runOnlyForDeploymentPostprocessing = 0;
			shellPath = /bin/sh;
			shellScript = "\"${SRCROOT}/Pods/Target Support Files/Pods-EA_Instagram/Pods-EA_Instagram-resources.sh\"\n";
			showEnvVarsInLog = 0;
		};
		E4674AAC7D63DC86DD346B9F /* [CP] Embed Pods Frameworks */ = {
			isa = PBXShellScriptBuildPhase;
			buildActionMask = 2147483647;
			files = (
			);
			inputPaths = (
				"${SRCROOT}/Pods/Target Support Files/Pods-EA_Instagram/Pods-EA_Instagram-frameworks.sh",
				"${BUILT_PRODUCTS_DIR}/GTMSessionFetcher/GTMSessionFetcher.framework",
				"${BUILT_PRODUCTS_DIR}/GoogleToolboxForMac/GoogleToolboxForMac.framework",
				"${BUILT_PRODUCTS_DIR}/leveldb-library/leveldb.framework",
				"${BUILT_PRODUCTS_DIR}/nanopb/nanopb.framework",
			);
			name = "[CP] Embed Pods Frameworks";
			outputPaths = (
				"${TARGET_BUILD_DIR}/${FRAMEWORKS_FOLDER_PATH}/GTMSessionFetcher.framework",
				"${TARGET_BUILD_DIR}/${FRAMEWORKS_FOLDER_PATH}/GoogleToolboxForMac.framework",
				"${TARGET_BUILD_DIR}/${FRAMEWORKS_FOLDER_PATH}/leveldb.framework",
				"${TARGET_BUILD_DIR}/${FRAMEWORKS_FOLDER_PATH}/nanopb.framework",
			);
			runOnlyForDeploymentPostprocessing = 0;
			shellPath = /bin/sh;
			shellScript = "\"${SRCROOT}/Pods/Target Support Files/Pods-EA_Instagram/Pods-EA_Instagram-frameworks.sh\"\n";
			showEnvVarsInLog = 0;
		};
/* End PBXShellScriptBuildPhase section */

/* Begin PBXSourcesBuildPhase section */
		2627E1681F9FB78700099AFA /* Sources */ = {
			isa = PBXSourcesBuildPhase;
			buildActionMask = 2147483647;
			files = (
				2627E1721F9FB78700099AFA /* ViewController.swift in Sources */,
				2627E1701F9FB78700099AFA /* AppDelegate.swift in Sources */,
			);
			runOnlyForDeploymentPostprocessing = 0;
		};
/* End PBXSourcesBuildPhase section */

/* Begin PBXVariantGroup section */
		2627E1731F9FB78700099AFA /* Main.storyboard */ = {
			isa = PBXVariantGroup;
			children = (
				2627E1741F9FB78700099AFA /* Base */,
			);
			name = Main.storyboard;
			sourceTree = "<group>";
		};
		2627E1781F9FB78700099AFA /* LaunchScreen.storyboard */ = {
			isa = PBXVariantGroup;
			children = (
				2627E1791F9FB78700099AFA /* Base */,
			);
			name = LaunchScreen.storyboard;
			sourceTree = "<group>";
		};
/* End PBXVariantGroup section */

/* Begin XCBuildConfiguration section */
		2627E17C1F9FB78700099AFA /* Debug */ = {
			isa = XCBuildConfiguration;
			buildSettings = {
				ALWAYS_SEARCH_USER_PATHS = NO;
				CLANG_ANALYZER_NONNULL = YES;
				CLANG_CXX_LANGUAGE_STANDARD = "gnu++0x";
				CLANG_CXX_LIBRARY = "libc++";
				CLANG_ENABLE_MODULES = YES;
				CLANG_ENABLE_OBJC_ARC = YES;
				CLANG_WARN_BOOL_CONVERSION = YES;
				CLANG_WARN_CONSTANT_CONVERSION = YES;
				CLANG_WARN_DIRECT_OBJC_ISA_USAGE = YES_ERROR;
				CLANG_WARN_DOCUMENTATION_COMMENTS = YES;
				CLANG_WARN_EMPTY_BODY = YES;
				CLANG_WARN_ENUM_CONVERSION = YES;
				CLANG_WARN_INFINITE_RECURSION = YES;
				CLANG_WARN_INT_CONVERSION = YES;
				CLANG_WARN_OBJC_ROOT_CLASS = YES_ERROR;
				CLANG_WARN_SUSPICIOUS_MOVE = YES;
				CLANG_WARN_UNREACHABLE_CODE = YES;
				CLANG_WARN__DUPLICATE_METHOD_MATCH = YES;
				"CODE_SIGN_IDENTITY[sdk=iphoneos*]" = "iPhone Developer";
				COPY_PHASE_STRIP = NO;
				DEBUG_INFORMATION_FORMAT = dwarf;
				ENABLE_STRICT_OBJC_MSGSEND = YES;
				ENABLE_TESTABILITY = YES;
				GCC_C_LANGUAGE_STANDARD = gnu99;
				GCC_DYNAMIC_NO_PIC = NO;
				GCC_NO_COMMON_BLOCKS = YES;
				GCC_OPTIMIZATION_LEVEL = 0;
				GCC_PREPROCESSOR_DEFINITIONS = (
					"DEBUG=1",
					"$(inherited)",
				);
				GCC_WARN_64_TO_32_BIT_CONVERSION = YES;
				GCC_WARN_ABOUT_RETURN_TYPE = YES_ERROR;
				GCC_WARN_UNDECLARED_SELECTOR = YES;
				GCC_WARN_UNINITIALIZED_AUTOS = YES_AGGRESSIVE;
				GCC_WARN_UNUSED_FUNCTION = YES;
				GCC_WARN_UNUSED_VARIABLE = YES;
				IPHONEOS_DEPLOYMENT_TARGET = 10.2;
				MTL_ENABLE_DEBUG_INFO = YES;
				ONLY_ACTIVE_ARCH = YES;
				SDKROOT = iphoneos;
				SWIFT_ACTIVE_COMPILATION_CONDITIONS = DEBUG;
				SWIFT_OPTIMIZATION_LEVEL = "-Onone";
			};
			name = Debug;
		};
		2627E17D1F9FB78700099AFA /* Release */ = {
			isa = XCBuildConfiguration;
			buildSettings = {
				ALWAYS_SEARCH_USER_PATHS = NO;
				CLANG_ANALYZER_NONNULL = YES;
				CLANG_CXX_LANGUAGE_STANDARD = "gnu++0x";
				CLANG_CXX_LIBRARY = "libc++";
				CLANG_ENABLE_MODULES = YES;
				CLANG_ENABLE_OBJC_ARC = YES;
				CLANG_WARN_BOOL_CONVERSION = YES;
				CLANG_WARN_CONSTANT_CONVERSION = YES;
				CLANG_WARN_DIRECT_OBJC_ISA_USAGE = YES_ERROR;
				CLANG_WARN_DOCUMENTATION_COMMENTS = YES;
				CLANG_WARN_EMPTY_BODY = YES;
				CLANG_WARN_ENUM_CONVERSION = YES;
				CLANG_WARN_INFINITE_RECURSION = YES;
				CLANG_WARN_INT_CONVERSION = YES;
				CLANG_WARN_OBJC_ROOT_CLASS = YES_ERROR;
				CLANG_WARN_SUSPICIOUS_MOVE = YES;
				CLANG_WARN_UNREACHABLE_CODE = YES;
				CLANG_WARN__DUPLICATE_METHOD_MATCH = YES;
				"CODE_SIGN_IDENTITY[sdk=iphoneos*]" = "iPhone Developer";
				COPY_PHASE_STRIP = NO;
				DEBUG_INFORMATION_FORMAT = "dwarf-with-dsym";
				ENABLE_NS_ASSERTIONS = NO;
				ENABLE_STRICT_OBJC_MSGSEND = YES;
				GCC_C_LANGUAGE_STANDARD = gnu99;
				GCC_NO_COMMON_BLOCKS = YES;
				GCC_WARN_64_TO_32_BIT_CONVERSION = YES;
				GCC_WARN_ABOUT_RETURN_TYPE = YES_ERROR;
				GCC_WARN_UNDECLARED_SELECTOR = YES;
				GCC_WARN_UNINITIALIZED_AUTOS = YES_AGGRESSIVE;
				GCC_WARN_UNUSED_FUNCTION = YES;
				GCC_WARN_UNUSED_VARIABLE = YES;
				IPHONEOS_DEPLOYMENT_TARGET = 10.2;
				MTL_ENABLE_DEBUG_INFO = NO;
				SDKROOT = iphoneos;
				SWIFT_OPTIMIZATION_LEVEL = "-Owholemodule";
				VALIDATE_PRODUCT = YES;
			};
			name = Release;
		};
		2627E17F1F9FB78700099AFA /* Debug */ = {
			isa = XCBuildConfiguration;
			baseConfigurationReference = 7DB93B4485006BB040A7BC18 /* Pods-EA_Instagram.debug.xcconfig */;
			buildSettings = {
				ASSETCATALOG_COMPILER_APPICON_NAME = AppIcon;
				INFOPLIST_FILE = EA_Instagram/Info.plist;
				LD_RUNPATH_SEARCH_PATHS = "$(inherited) @executable_path/Frameworks";
				PRODUCT_BUNDLE_IDENTIFIER = com.earashel.EAInstagram;
				PRODUCT_NAME = "$(TARGET_NAME)";
				SWIFT_VERSION = 3.0;
			};
			name = Debug;
		};
		2627E1801F9FB78700099AFA /* Release */ = {
			isa = XCBuildConfiguration;
			baseConfigurationReference = 8E92DAD8E5F41F6C0ED8D5C4 /* Pods-EA_Instagram.release.xcconfig */;
			buildSettings = {
				ASSETCATALOG_COMPILER_APPICON_NAME = AppIcon;
				INFOPLIST_FILE = EA_Instagram/Info.plist;
				LD_RUNPATH_SEARCH_PATHS = "$(inherited) @executable_path/Frameworks";
				PRODUCT_BUNDLE_IDENTIFIER = com.earashel.EAInstagram;
				PRODUCT_NAME = "$(TARGET_NAME)";
				SWIFT_VERSION = 3.0;
			};
			name = Release;
		};
/* End XCBuildConfiguration section */

/* Begin XCConfigurationList section */
		2627E1671F9FB78700099AFA /* Build configuration list for PBXProject "EA_Instagram" */ = {
			isa = XCConfigurationList;
			buildConfigurations = (
				2627E17C1F9FB78700099AFA /* Debug */,
				2627E17D1F9FB78700099AFA /* Release */,
			);
			defaultConfigurationIsVisible = 0;
			defaultConfigurationName = Release;
		};
		2627E17E1F9FB78700099AFA /* Build configuration list for PBXNativeTarget "EA_Instagram" */ = {
			isa = XCConfigurationList;
			buildConfigurations = (
				2627E17F1F9FB78700099AFA /* Debug */,
				2627E1801F9FB78700099AFA /* Release */,
			);
			defaultConfigurationIsVisible = 0;
		};
/* End XCConfigurationList section */
	};
	rootObject = 2627E1641F9FB78700099AFA /* Project object */;
}
